
Microsoft Visual Studio Solution File, Format Version 12.00
Project("{FAE04EC0-301F-11D3-BF4B-00C04F79EFBC}") = "HYDAC Projekt", "HYDAC Projekt.csproj", "{BEC237EE-DABE-4789-AAB7-60FC2044C0D7}"
EndProject
Global
	GlobalSection(SolutionConfigurationPlatforms) = preSolution
		Debug|Any CPU = Debug|Any CPU
		Release|Any CPU = Release|Any CPU
	EndGlobalSection
	GlobalSection(ProjectConfigurationPlatforms) = postSolution
		{BEC237EE-DABE-4789-AAB7-60FC2044C0D7}.Debug|Any CPU.ActiveCfg = Debug|Any CPU
		{BEC237EE-DABE-4789-AAB7-60FC2044C0D7}.Debug|Any CPU.Build.0 = Debug|Any CPU
		{BEC237EE-DABE-4789-AAB7-60FC2044C0D7}.Release|Any CPU.ActiveCfg = Release|Any CPU
		{BEC237EE-DABE-4789-AAB7-60FC2044C0D7}.Release|Any CPU.Build.0 = Release|Any CPU
	EndGlobalSection
EndGlobal
