
Microsoft Visual Studio Solution File, Format Version 12.00
# Visual Studio Version 17
VisualStudioVersion = 17.11.35431.28
MinimumVisualStudioVersion = 10.0.40219.1
Project("{FAE04EC0-301F-11D3-BF4B-00C04F79EFBC}") = "HurtigBiludlejning", "HurtigBiludlejning.csproj", "{8FE31209-4B04-4AD5-9FE5-9D2EE1633535}"
EndProject
Global
	GlobalSection(SolutionConfigurationPlatforms) = preSolution
		Debug|Any CPU = Debug|Any CPU
		Release|Any CPU = Release|Any CPU
	EndGlobalSection
	GlobalSection(ProjectConfigurationPlatforms) = postSolution
		{8FE31209-4B04-4AD5-9FE5-9D2EE1633535}.Debug|Any CPU.ActiveCfg = Debug|Any CPU
		{8FE31209-4B04-4AD5-9FE5-9D2EE1633535}.Debug|Any CPU.Build.0 = Debug|Any CPU
		{8FE31209-4B04-4AD5-9FE5-9D2EE1633535}.Release|Any CPU.ActiveCfg = Release|Any CPU
		{8FE31209-4B04-4AD5-9FE5-9D2EE1633535}.Release|Any CPU.Build.0 = Release|Any CPU
	EndGlobalSection
	GlobalSection(SolutionProperties) = preSolution
		HideSolutionNode = FALSE
	EndGlobalSection
	GlobalSection(ExtensibilityGlobals) = postSolution
		SolutionGuid = {19E5FCC2-785F-4C2C-8217-E6EB608FEBCD}
	EndGlobalSection
EndGlobal
