
Microsoft Visual Studio Solution File, Format Version 12.00
# Visual Studio Version 17
VisualStudioVersion = 17.14.36616.10 d17.14
MinimumVisualStudioVersion = 10.0.40219.1
Project("{FAE04EC0-301F-11D3-BF4B-00C04F79EFBC}") = "Tek09_Cipher", "Tek09_Cipher\Tek09_Cipher.csproj", "{2AD3ACE4-946A-4593-A0F7-CAAD093BCF48}"
EndProject
Global
	GlobalSection(SolutionConfigurationPlatforms) = preSolution
		Debug|Any CPU = Debug|Any CPU
		Release|Any CPU = Release|Any CPU
	EndGlobalSection
	GlobalSection(ProjectConfigurationPlatforms) = postSolution
		{2AD3ACE4-946A-4593-A0F7-CAAD093BCF48}.Debug|Any CPU.ActiveCfg = Debug|Any CPU
		{2AD3ACE4-946A-4593-A0F7-CAAD093BCF48}.Debug|Any CPU.Build.0 = Debug|Any CPU
		{2AD3ACE4-946A-4593-A0F7-CAAD093BCF48}.Release|Any CPU.ActiveCfg = Release|Any CPU
		{2AD3ACE4-946A-4593-A0F7-CAAD093BCF48}.Release|Any CPU.Build.0 = Release|Any CPU
	EndGlobalSection
	GlobalSection(SolutionProperties) = preSolution
		HideSolutionNode = FALSE
	EndGlobalSection
	GlobalSection(ExtensibilityGlobals) = postSolution
		SolutionGuid = {54A2BD44-88FD-4F28-AD6E-0A7B9AF741A4}
	EndGlobalSection
EndGlobal
