
Microsoft Visual Studio Solution File, Format Version 12.00
# Visual Studio Version 17
VisualStudioVersion = 17.11.35222.181
MinimumVisualStudioVersion = 10.0.40219.1
Project("{FAE04EC0-301F-11D3-BF4B-00C04F79EFBC}") = "Age and Name", "Age and Name\Age and Name.csproj", "{803DE89E-5A7D-4855-B8AD-140DE8716979}"
EndProject
Global
	GlobalSection(SolutionConfigurationPlatforms) = preSolution
		Debug|Any CPU = Debug|Any CPU
		Release|Any CPU = Release|Any CPU
	EndGlobalSection
	GlobalSection(ProjectConfigurationPlatforms) = postSolution
		{803DE89E-5A7D-4855-B8AD-140DE8716979}.Debug|Any CPU.ActiveCfg = Debug|Any CPU
		{803DE89E-5A7D-4855-B8AD-140DE8716979}.Debug|Any CPU.Build.0 = Debug|Any CPU
		{803DE89E-5A7D-4855-B8AD-140DE8716979}.Release|Any CPU.ActiveCfg = Release|Any CPU
		{803DE89E-5A7D-4855-B8AD-140DE8716979}.Release|Any CPU.Build.0 = Release|Any CPU
	EndGlobalSection
	GlobalSection(SolutionProperties) = preSolution
		HideSolutionNode = FALSE
	EndGlobalSection
	GlobalSection(ExtensibilityGlobals) = postSolution
		SolutionGuid = {A7DC07C7-EBE2-4AF4-AC4D-C3D8B1FCF356}
	EndGlobalSection
EndGlobal
