
Microsoft Visual Studio Solution File, Format Version 12.00
Project("{FAE04EC0-301F-11D3-BF4B-00C04F79EFBC}") = "Pr06_API", "Pr06_API\Pr06_API.csproj", "{EA239A2C-BFA4-487C-9ABF-7003665E2610}"
EndProject
Global
	GlobalSection(SolutionConfigurationPlatforms) = preSolution
		Debug|Any CPU = Debug|Any CPU
		Release|Any CPU = Release|Any CPU
	EndGlobalSection
	GlobalSection(ProjectConfigurationPlatforms) = postSolution
		{EA239A2C-BFA4-487C-9ABF-7003665E2610}.Debug|Any CPU.ActiveCfg = Debug|Any CPU
		{EA239A2C-BFA4-487C-9ABF-7003665E2610}.Debug|Any CPU.Build.0 = Debug|Any CPU
		{EA239A2C-BFA4-487C-9ABF-7003665E2610}.Release|Any CPU.ActiveCfg = Release|Any CPU
		{EA239A2C-BFA4-487C-9ABF-7003665E2610}.Release|Any CPU.Build.0 = Release|Any CPU
	EndGlobalSection
EndGlobal
