
Microsoft Visual Studio Solution File, Format Version 12.00
# Visual Studio Version 17
VisualStudioVersion = 17.11.35222.181
MinimumVisualStudioVersion = 10.0.40219.1
Project("{FAE04EC0-301F-11D3-BF4B-00C04F79EFBC}") = "Pr02.4", "Pr02.4.csproj", "{C0484A08-CB8A-414B-8305-1A25AE1B4849}"
EndProject
Global
	GlobalSection(SolutionConfigurationPlatforms) = preSolution
		Debug|Any CPU = Debug|Any CPU
		Release|Any CPU = Release|Any CPU
	EndGlobalSection
	GlobalSection(ProjectConfigurationPlatforms) = postSolution
		{C0484A08-CB8A-414B-8305-1A25AE1B4849}.Debug|Any CPU.ActiveCfg = Debug|Any CPU
		{C0484A08-CB8A-414B-8305-1A25AE1B4849}.Debug|Any CPU.Build.0 = Debug|Any CPU
		{C0484A08-CB8A-414B-8305-1A25AE1B4849}.Release|Any CPU.ActiveCfg = Release|Any CPU
		{C0484A08-CB8A-414B-8305-1A25AE1B4849}.Release|Any CPU.Build.0 = Release|Any CPU
	EndGlobalSection
	GlobalSection(SolutionProperties) = preSolution
		HideSolutionNode = FALSE
	EndGlobalSection
	GlobalSection(ExtensibilityGlobals) = postSolution
		SolutionGuid = {21690ECA-5318-4F51-94B5-73F357630FBA}
	EndGlobalSection
EndGlobal
